
Microsoft Visual Studio Solution File, Format Version 12.00
# Visual Studio Version 16
VisualStudioVersion = 16.0.30011.22
MinimumVisualStudioVersion = 10.0.40219.1
Project("{888888A0-9F3D-457C-B088-3A5042F75D52}") = "Python_test_for_byndy", "Python_test_for_byndy.pyproj", "{1CFDEE49-69C0-4A9A-8972-62335F7AEEF1}"
EndProject
Global
	GlobalSection(SolutionConfigurationPlatforms) = preSolution
		Debug|Any CPU = Debug|Any CPU
		Release|Any CPU = Release|Any CPU
	EndGlobalSection
	GlobalSection(ProjectConfigurationPlatforms) = postSolution
		{1CFDEE49-69C0-4A9A-8972-62335F7AEEF1}.Debug|Any CPU.ActiveCfg = Debug|Any CPU
		{1CFDEE49-69C0-4A9A-8972-62335F7AEEF1}.Release|Any CPU.ActiveCfg = Release|Any CPU
	EndGlobalSection
	GlobalSection(SolutionProperties) = preSolution
		HideSolutionNode = FALSE
	EndGlobalSection
	GlobalSection(ExtensibilityGlobals) = postSolution
		SolutionGuid = {38658E66-C68D-45B4-AAAB-CD20CB5AC376}
	EndGlobalSection
EndGlobal
